
Microsoft Visual Studio Solution File, Format Version 12.00
# Visual Studio Version 17
VisualStudioVersion = 17.7.34031.279
MinimumVisualStudioVersion = 10.0.40219.1
Project("{FAE04EC0-301F-11D3-BF4B-00C04F79EFBC}") = "Labbar", "Labbar\Labbar.csproj", "{34DCF7B6-7FD0-48E8-9718-BCC6B28B7FBB}"
EndProject
Global
	GlobalSection(SolutionConfigurationPlatforms) = preSolution
		Debug|Any CPU = Debug|Any CPU
		Release|Any CPU = Release|Any CPU
	EndGlobalSection
	GlobalSection(ProjectConfigurationPlatforms) = postSolution
		{34DCF7B6-7FD0-48E8-9718-BCC6B28B7FBB}.Debug|Any CPU.ActiveCfg = Debug|Any CPU
		{34DCF7B6-7FD0-48E8-9718-BCC6B28B7FBB}.Debug|Any CPU.Build.0 = Debug|Any CPU
		{34DCF7B6-7FD0-48E8-9718-BCC6B28B7FBB}.Release|Any CPU.ActiveCfg = Release|Any CPU
		{34DCF7B6-7FD0-48E8-9718-BCC6B28B7FBB}.Release|Any CPU.Build.0 = Release|Any CPU
	EndGlobalSection
	GlobalSection(SolutionProperties) = preSolution
		HideSolutionNode = FALSE
	EndGlobalSection
	GlobalSection(ExtensibilityGlobals) = postSolution
		SolutionGuid = {1AB11E9E-A179-4582-A411-7EF33E6CBE0E}
	EndGlobalSection
EndGlobal
